Microsoft Visual Studio Solution File, Format Version 11.00
# Visual Studio 2008

Project("{D4C7FBCF-D350-B06D-63AF-5E1FE83D66B9}") = "SavePoint133WIP", "Assembly-CSharp.csproj", "{89BE2FAC-5355-2451-76BD-B55E1C6F1A10}"
EndProject
Global
	GlobalSection(SolutionConfigurationPlatforms) = preSolution
		Debug|Any CPU = Debug|Any CPU
		Release|Any CPU = Release|Any CPU
	EndGlobalSection
	GlobalSection(ProjectConfigurationPlatforms) = postSolution
		{89BE2FAC-5355-2451-76BD-B55E1C6F1A10}.Debug|Any CPU.ActiveCfg = Debug|Any CPU
		{89BE2FAC-5355-2451-76BD-B55E1C6F1A10}.Debug|Any CPU.Build.0 = Debug|Any CPU
		{89BE2FAC-5355-2451-76BD-B55E1C6F1A10}.Release|Any CPU.ActiveCfg = Release|Any CPU
		{89BE2FAC-5355-2451-76BD-B55E1C6F1A10}.Release|Any CPU.Build.0 = Release|Any CPU
	EndGlobalSection
	GlobalSection(SolutionProperties) = preSolution
		HideSolutionNode = FALSE
	EndGlobalSection
	GlobalSection(MonoDevelopProperties) = preSolution
		StartupItem = Assembly-CSharp.csproj
	EndGlobalSection
EndGlobal
