Microsoft Visual Studio Solution File, Format Version 11.00
# Visual Studio 2008

Project("{DF22CE7C-A442-9E33-4EF6-439974F644E3}") = "SavePoint132", "Assembly-CSharp.csproj", "{18A713C0-AA7A-21D9-A1EC-7E35EDE66629}"
EndProject
Global
	GlobalSection(SolutionConfigurationPlatforms) = preSolution
		Debug|Any CPU = Debug|Any CPU
		Release|Any CPU = Release|Any CPU
	EndGlobalSection
	GlobalSection(ProjectConfigurationPlatforms) = postSolution
		{18A713C0-AA7A-21D9-A1EC-7E35EDE66629}.Debug|Any CPU.ActiveCfg = Debug|Any CPU
		{18A713C0-AA7A-21D9-A1EC-7E35EDE66629}.Debug|Any CPU.Build.0 = Debug|Any CPU
		{18A713C0-AA7A-21D9-A1EC-7E35EDE66629}.Release|Any CPU.ActiveCfg = Release|Any CPU
		{18A713C0-AA7A-21D9-A1EC-7E35EDE66629}.Release|Any CPU.Build.0 = Release|Any CPU
	EndGlobalSection
	GlobalSection(SolutionProperties) = preSolution
		HideSolutionNode = FALSE
	EndGlobalSection
	GlobalSection(MonoDevelopProperties) = preSolution
		StartupItem = Assembly-CSharp.csproj
	EndGlobalSection
EndGlobal
